
Microsoft Visual Studio Solution File, Format Version 12.00
# Visual Studio Version 17
VisualStudioVersion = 17.0.31903.59
MinimumVisualStudioVersion = 10.0.40219.1
Project("{FAE04EC0-301F-11D3-BF4B-00C04F79EFBC}") = "RobloxOptimizer.Core", "src\RobloxOptimizer.Core\RobloxOptimizer.Core.csproj", "{D7303846-9BD1-4324-8BDC-0CF479233551}"
EndProject
Project("{FAE04EC0-301F-11D3-BF4B-00C04F79EFBC}") = "RobloxOptimizer.Monitoring", "src\RobloxOptimizer.Monitoring\RobloxOptimizer.Monitoring.csproj", "{F69CD777-9244-48B9-A597-34FC0EB9FA59}"
EndProject
Project("{FAE04EC0-301F-11D3-BF4B-00C04F79EFBC}") = "RobloxOptimizer.Network", "src\RobloxOptimizer.Network\RobloxOptimizer.Network.csproj", "{54C7AB72-B99B-4FA7-B1C0-70BDC8664646}"
EndProject
Project("{FAE04EC0-301F-11D3-BF4B-00C04F79EFBC}") = "RobloxOptimizer.RobloxIntegration", "src\RobloxOptimizer.RobloxIntegration\RobloxOptimizer.RobloxIntegration.csproj", "{F57FC488-8288-4BF8-90C9-1797F7D073A2}"
EndProject
Project("{FAE04EC0-301F-11D3-BF4B-00C04F79EFBC}") = "RobloxOptimizer.Optimization", "src\RobloxOptimizer.Optimization\RobloxOptimizer.Optimization.csproj", "{618EA14A-0A57-434F-856D-3C5931E76CF6}"
EndProject
Project("{FAE04EC0-301F-11D3-BF4B-00C04F79EFBC}") = "RobloxOptimizer.Backup", "src\RobloxOptimizer.Backup\RobloxOptimizer.Backup.csproj", "{32148771-D09E-495F-BEC6-57D7D0AFF38D}"
EndProject
Project("{FAE04EC0-301F-11D3-BF4B-00C04F79EFBC}") = "RobloxOptimizer.Logging", "src\RobloxOptimizer.Logging\RobloxOptimizer.Logging.csproj", "{8530C896-A083-4836-9767-A45D39DD130D}"
EndProject
Project("{FAE04EC0-301F-11D3-BF4B-00C04F79EFBC}") = "RobloxOptimizer.App", "src\RobloxOptimizer.App\RobloxOptimizer.App.csproj", "{38078431-D548-4D65-87D9-D98DC0A9465F}"
EndProject
Project("{FAE04EC0-301F-11D3-BF4B-00C04F79EFBC}") = "RobloxOptimizer.Tests", "tests\RobloxOptimizer.Tests\RobloxOptimizer.Tests.csproj", "{51C46838-F9D1-4365-BF4B-8BF32B7A0D34}"
EndProject
Project("{2150E333-8FDC-42A3-9474-1A3956D46DE8}") = "docs", "docs", "{ED7C3F78-653D-4BD4-B8FC-B262AA46DBD5}"
	ProjectSection(SolutionItems) = preProject
		docs\ARCHITECTURE.md = docs\ARCHITECTURE.md
		docs\SAFETY_MODEL.md = docs\SAFETY_MODEL.md
	EndProjectSection
EndProject
Global
	GlobalSection(SolutionConfigurationPlatforms) = preSolution
		Debug|Any CPU = Debug|Any CPU
		Debug|x64 = Debug|x64
		Release|Any CPU = Release|Any CPU
		Release|x64 = Release|x64
	EndGlobalSection
	GlobalSection(ProjectConfigurationPlatforms) = postSolution
		{D7303846-9BD1-4324-8BDC-0CF479233551}.Debug|Any CPU.ActiveCfg = Debug|Any CPU
		{D7303846-9BD1-4324-8BDC-0CF479233551}.Debug|Any CPU.Build.0 = Debug|Any CPU
		{D7303846-9BD1-4324-8BDC-0CF479233551}.Debug|x64.ActiveCfg = Debug|x64
		{D7303846-9BD1-4324-8BDC-0CF479233551}.Debug|x64.Build.0 = Debug|x64
		{D7303846-9BD1-4324-8BDC-0CF479233551}.Release|Any CPU.ActiveCfg = Release|Any CPU
		{D7303846-9BD1-4324-8BDC-0CF479233551}.Release|Any CPU.Build.0 = Release|Any CPU
		{D7303846-9BD1-4324-8BDC-0CF479233551}.Release|x64.ActiveCfg = Release|x64
		{D7303846-9BD1-4324-8BDC-0CF479233551}.Release|x64.Build.0 = Release|x64
		{F69CD777-9244-48B9-A597-34FC0EB9FA59}.Debug|Any CPU.ActiveCfg = Debug|Any CPU
		{F69CD777-9244-48B9-A597-34FC0EB9FA59}.Debug|Any CPU.Build.0 = Debug|Any CPU
		{F69CD777-9244-48B9-A597-34FC0EB9FA59}.Debug|x64.ActiveCfg = Debug|x64
		{F69CD777-9244-48B9-A597-34FC0EB9FA59}.Debug|x64.Build.0 = Debug|x64
		{F69CD777-9244-48B9-A597-34FC0EB9FA59}.Release|Any CPU.ActiveCfg = Release|Any CPU
		{F69CD777-9244-48B9-A597-34FC0EB9FA59}.Release|Any CPU.Build.0 = Release|Any CPU
		{F69CD777-9244-48B9-A597-34FC0EB9FA59}.Release|x64.ActiveCfg = Release|x64
		{F69CD777-9244-48B9-A597-34FC0EB9FA59}.Release|x64.Build.0 = Release|x64
		{54C7AB72-B99B-4FA7-B1C0-70BDC8664646}.Debug|Any CPU.ActiveCfg = Debug|Any CPU
		{54C7AB72-B99B-4FA7-B1C0-70BDC8664646}.Debug|Any CPU.Build.0 = Debug|Any CPU
		{54C7AB72-B99B-4FA7-B1C0-70BDC8664646}.Debug|x64.ActiveCfg = Debug|x64
		{54C7AB72-B99B-4FA7-B1C0-70BDC8664646}.Debug|x64.Build.0 = Debug|x64
		{54C7AB72-B99B-4FA7-B1C0-70BDC8664646}.Release|Any CPU.ActiveCfg = Release|Any CPU
		{54C7AB72-B99B-4FA7-B1C0-70BDC8664646}.Release|Any CPU.Build.0 = Release|Any CPU
		{54C7AB72-B99B-4FA7-B1C0-70BDC8664646}.Release|x64.ActiveCfg = Release|x64
		{54C7AB72-B99B-4FA7-B1C0-70BDC8664646}.Release|x64.Build.0 = Release|x64
		{F57FC488-8288-4BF8-90C9-1797F7D073A2}.Debug|Any CPU.ActiveCfg = Debug|Any CPU
		{F57FC488-8288-4BF8-90C9-1797F7D073A2}.Debug|Any CPU.Build.0 = Debug|Any CPU
		{F57FC488-8288-4BF8-90C9-1797F7D073A2}.Debug|x64.ActiveCfg = Debug|x64
		{F57FC488-8288-4BF8-90C9-1797F7D073A2}.Debug|x64.Build.0 = Debug|x64
		{F57FC488-8288-4BF8-90C9-1797F7D073A2}.Release|Any CPU.ActiveCfg = Release|Any CPU
		{F57FC488-8288-4BF8-90C9-1797F7D073A2}.Release|Any CPU.Build.0 = Release|Any CPU
		{F57FC488-8288-4BF8-90C9-1797F7D073A2}.Release|x64.ActiveCfg = Release|x64
		{F57FC488-8288-4BF8-90C9-1797F7D073A2}.Release|x64.Build.0 = Release|x64
		{618EA14A-0A57-434F-856D-3C5931E76CF6}.Debug|Any CPU.ActiveCfg = Debug|Any CPU
		{618EA14A-0A57-434F-856D-3C5931E76CF6}.Debug|Any CPU.Build.0 = Debug|Any CPU
		{618EA14A-0A57-434F-856D-3C5931E76CF6}.Debug|x64.ActiveCfg = Debug|x64
		{618EA14A-0A57-434F-856D-3C5931E76CF6}.Debug|x64.Build.0 = Debug|x64
		{618EA14A-0A57-434F-856D-3C5931E76CF6}.Release|Any CPU.ActiveCfg = Release|Any CPU
		{618EA14A-0A57-434F-856D-3C5931E76CF6}.Release|Any CPU.Build.0 = Release|Any CPU
		{618EA14A-0A57-434F-856D-3C5931E76CF6}.Release|x64.ActiveCfg = Release|x64
		{618EA14A-0A57-434F-856D-3C5931E76CF6}.Release|x64.Build.0 = Release|x64
		{32148771-D09E-495F-BEC6-57D7D0AFF38D}.Debug|Any CPU.ActiveCfg = Debug|Any CPU
		{32148771-D09E-495F-BEC6-57D7D0AFF38D}.Debug|Any CPU.Build.0 = Debug|Any CPU
		{32148771-D09E-495F-BEC6-57D7D0AFF38D}.Debug|x64.ActiveCfg = Debug|x64
		{32148771-D09E-495F-BEC6-57D7D0AFF38D}.Debug|x64.Build.0 = Debug|x64
		{32148771-D09E-495F-BEC6-57D7D0AFF38D}.Release|Any CPU.ActiveCfg = Release|Any CPU
		{32148771-D09E-495F-BEC6-57D7D0AFF38D}.Release|Any CPU.Build.0 = Release|Any CPU
		{32148771-D09E-495F-BEC6-57D7D0AFF38D}.Release|x64.ActiveCfg = Release|x64
		{32148771-D09E-495F-BEC6-57D7D0AFF38D}.Release|x64.Build.0 = Release|x64
		{8530C896-A083-4836-9767-A45D39DD130D}.Debug|Any CPU.ActiveCfg = Debug|Any CPU
		{8530C896-A083-4836-9767-A45D39DD130D}.Debug|Any CPU.Build.0 = Debug|Any CPU
		{8530C896-A083-4836-9767-A45D39DD130D}.Debug|x64.ActiveCfg = Debug|x64
		{8530C896-A083-4836-9767-A45D39DD130D}.Debug|x64.Build.0 = Debug|x64
		{8530C896-A083-4836-9767-A45D39DD130D}.Release|Any CPU.ActiveCfg = Release|Any CPU
		{8530C896-A083-4836-9767-A45D39DD130D}.Release|Any CPU.Build.0 = Release|Any CPU
		{8530C896-A083-4836-9767-A45D39DD130D}.Release|x64.ActiveCfg = Release|x64
		{8530C896-A083-4836-9767-A45D39DD130D}.Release|x64.Build.0 = Release|x64
		{38078431-D548-4D65-87D9-D98DC0A9465F}.Debug|Any CPU.ActiveCfg = Debug|Any CPU
		{38078431-D548-4D65-87D9-D98DC0A9465F}.Debug|Any CPU.Build.0 = Debug|Any CPU
		{38078431-D548-4D65-87D9-D98DC0A9465F}.Debug|x64.ActiveCfg = Debug|x64
		{38078431-D548-4D65-87D9-D98DC0A9465F}.Debug|x64.Build.0 = Debug|x64
		{38078431-D548-4D65-87D9-D98DC0A9465F}.Release|Any CPU.ActiveCfg = Release|Any CPU
		{38078431-D548-4D65-87D9-D98DC0A9465F}.Release|Any CPU.Build.0 = Release|Any CPU
		{38078431-D548-4D65-87D9-D98DC0A9465F}.Release|x64.ActiveCfg = Release|x64
		{38078431-D548-4D65-87D9-D98DC0A9465F}.Release|x64.Build.0 = Release|x64
		{51C46838-F9D1-4365-BF4B-8BF32B7A0D34}.Debug|Any CPU.ActiveCfg = Debug|Any CPU
		{51C46838-F9D1-4365-BF4B-8BF32B7A0D34}.Debug|Any CPU.Build.0 = Debug|Any CPU
		{51C46838-F9D1-4365-BF4B-8BF32B7A0D34}.Debug|x64.ActiveCfg = Debug|x64
		{51C46838-F9D1-4365-BF4B-8BF32B7A0D34}.Debug|x64.Build.0 = Debug|x64
		{51C46838-F9D1-4365-BF4B-8BF32B7A0D34}.Release|Any CPU.ActiveCfg = Release|Any CPU
		{51C46838-F9D1-4365-BF4B-8BF32B7A0D34}.Release|Any CPU.Build.0 = Release|Any CPU
		{51C46838-F9D1-4365-BF4B-8BF32B7A0D34}.Release|x64.ActiveCfg = Release|x64
		{51C46838-F9D1-4365-BF4B-8BF32B7A0D34}.Release|x64.Build.0 = Release|x64
	EndGlobalSection
	GlobalSection(SolutionProperties) = preSolution
		HideSolutionNode = FALSE
	EndGlobalSection
EndGlobal
